
Microsoft Visual Studio Solution File, Format Version 12.00
Project("{FAE04EC0-301F-11D3-BF4B-00C04F79EFBC}") = "RepeatEmpAttendanceChangeRecordsApi", "RepeatEmpAttendanceChangeRecordsApi\RepeatEmpAttendanceChangeRecordsApi.csproj", "{44293B85-6A49-43C0-A3CE-CC37038FE6E8}"
EndProject
Project("{FAE04EC0-301F-11D3-BF4B-00C04F79EFBC}") = "RepeatEmpAttendanceChangeRecordsApiWithConfig", "RepeatEmpAttendanceChangeRecordsApiWithConfig\RepeatEmpAttendanceChangeRecordsApiWithConfig.csproj", "{C1BF4928-928A-4FDC-9735-78574AEB0C47}"
EndProject
Project("{FAE04EC0-301F-11D3-BF4B-00C04F79EFBC}") = "RepeatApiWithConfigExcel", "RepeatApiWithConfigExcel\RepeatApiWithConfigExcel.csproj", "{E9039C8F-9A9A-49A1-9D8B-7BE9DDE7F261}"
EndProject
Global
	GlobalSection(SolutionConfigurationPlatforms) = preSolution
		Debug|Any CPU = Debug|Any CPU
		Release|Any CPU = Release|Any CPU
	EndGlobalSection
	GlobalSection(ProjectConfigurationPlatforms) = postSolution
		{44293B85-6A49-43C0-A3CE-CC37038FE6E8}.Debug|Any CPU.ActiveCfg = Debug|Any CPU
		{44293B85-6A49-43C0-A3CE-CC37038FE6E8}.Debug|Any CPU.Build.0 = Debug|Any CPU
		{44293B85-6A49-43C0-A3CE-CC37038FE6E8}.Release|Any CPU.ActiveCfg = Release|Any CPU
		{44293B85-6A49-43C0-A3CE-CC37038FE6E8}.Release|Any CPU.Build.0 = Release|Any CPU
		{C1BF4928-928A-4FDC-9735-78574AEB0C47}.Debug|Any CPU.ActiveCfg = Debug|Any CPU
		{C1BF4928-928A-4FDC-9735-78574AEB0C47}.Debug|Any CPU.Build.0 = Debug|Any CPU
		{C1BF4928-928A-4FDC-9735-78574AEB0C47}.Release|Any CPU.ActiveCfg = Release|Any CPU
		{C1BF4928-928A-4FDC-9735-78574AEB0C47}.Release|Any CPU.Build.0 = Release|Any CPU
		{E9039C8F-9A9A-49A1-9D8B-7BE9DDE7F261}.Debug|Any CPU.ActiveCfg = Debug|Any CPU
		{E9039C8F-9A9A-49A1-9D8B-7BE9DDE7F261}.Debug|Any CPU.Build.0 = Debug|Any CPU
		{E9039C8F-9A9A-49A1-9D8B-7BE9DDE7F261}.Release|Any CPU.ActiveCfg = Release|Any CPU
		{E9039C8F-9A9A-49A1-9D8B-7BE9DDE7F261}.Release|Any CPU.Build.0 = Release|Any CPU
	EndGlobalSection
EndGlobal
